
Microsoft Visual Studio Solution File, Format Version 12.00
# Visual Studio Version 16
VisualStudioVersion = 16.0.29613.14
MinimumVisualStudioVersion = 10.0.40219.1
Project("{8BC9CEB8-8B4A-11D0-8D11-00A0C91BC942}") = "LearnOpenGL", "LearnOpenGL.vcxproj", "{BB576890-8769-40E0-B201-EA14ED4E189B}"
EndProject
Global
	GlobalSection(SolutionConfigurationPlatforms) = preSolution
		Debug|x64 = Debug|x64
		Debug|x86 = Debug|x86
		Release|x64 = Release|x64
		Release|x86 = Release|x86
	EndGlobalSection
	GlobalSection(ProjectConfigurationPlatforms) = postSolution
		{BB576890-8769-40E0-B201-EA14ED4E189B}.Debug|x64.ActiveCfg = Debug|x64
		{BB576890-8769-40E0-B201-EA14ED4E189B}.Debug|x64.Build.0 = Debug|x64
		{BB576890-8769-40E0-B201-EA14ED4E189B}.Debug|x86.ActiveCfg = Debug|Win32
		{BB576890-8769-40E0-B201-EA14ED4E189B}.Debug|x86.Build.0 = Debug|Win32
		{BB576890-8769-40E0-B201-EA14ED4E189B}.Release|x64.ActiveCfg = Release|x64
		{BB576890-8769-40E0-B201-EA14ED4E189B}.Release|x64.Build.0 = Release|x64
		{BB576890-8769-40E0-B201-EA14ED4E189B}.Release|x86.ActiveCfg = Release|Win32
		{BB576890-8769-40E0-B201-EA14ED4E189B}.Release|x86.Build.0 = Release|Win32
	EndGlobalSection
	GlobalSection(SolutionProperties) = preSolution
		HideSolutionNode = FALSE
	EndGlobalSection
	GlobalSection(ExtensibilityGlobals) = postSolution
		SolutionGuid = {04F31C47-BEFA-42B6-A83E-42722459C110}
	EndGlobalSection
EndGlobal
